// !$*UTF8*$!
{
	archiveVersion = 1;
	classes = {
	};
	objectVersion = 48;
	objects = {

/* Begin PBXBuildFile section */
		425A78FD1FECE6EB00FCDC8F /* AppDelegate.m in Sources */ = {isa = PBXBuildFile; fileRef = 425A78FC1FECE6EB00FCDC8F /* AppDelegate.m */; };
		425A79001FECE6EC00FCDC8F /* ViewController.m in Sources */ = {isa = PBXBuildFile; fileRef = 425A78FF1FECE6EC00FCDC8F /* ViewController.m */; };
		425A79031FECE6ED00FCDC8F /* Main.storyboard in Resources */ = {isa = PBXBuildFile; fileRef = 425A79011FECE6ED00FCDC8F /* Main.storyboard */; };
		425A79051FECE6EE00FCDC8F /* Assets.xcassets in Resources */ = {isa = PBXBuildFile; fileRef = 425A79041FECE6EE00FCDC8F /* Assets.xcassets */; };
		425A79081FECE6EE00FCDC8F /* LaunchScreen.storyboard in Resources */ = {isa = PBXBuildFile; fileRef = 425A79061FECE6EE00FCDC8F /* LaunchScreen.storyboard */; };
		425A790B1FECE6EF00FCDC8F /* main.m in Sources */ = {isa = PBXBuildFile; fileRef = 425A790A1FECE6EF00FCDC8F /* main.m */; };
/* End PBXBuildFile section */

/* Begin PBXFileReference section */
		425A78F81FECE6EB00FCDC8F /* TRSegmentedControl.app */ = {isa = PBXFileReference; explicitFileType = wrapper.application; includeInIndex = 0; path = TRSegmentedControl.app; sourceTree = BUILT_PRODUCTS_DIR; };
		425A78FB1FECE6EB00FCDC8F /* AppDelegate.h */ = {isa = PBXFileReference; lastKnownFileType = sourcecode.c.h; path = AppDelegate.h; sourceTree = "<group>"; };
		425A78FC1FECE6EB00FCDC8F /* AppDelegate.m */ = {isa = PBXFileReference; lastKnownFileType = sourcecode.c.objc; path = AppDelegate.m; sourceTree = "<group>"; };
		425A78FE1FECE6EB00FCDC8F /* ViewController.h */ = {isa = PBXFileReference; lastKnownFileType = sourcecode.c.h; path = ViewController.h; sourceTree = "<group>"; };
		425A78FF1FECE6EC00FCDC8F /* ViewController.m */ = {isa = PBXFileReference; lastKnownFileType = sourcecode.c.objc; path = ViewController.m; sourceTree = "<group>"; };
		425A79021FECE6ED00FCDC8F /* Base */ = {isa = PBXFileReference; lastKnownFileType = file.storyboard; name = Base; path = Base.lproj/Main.storyboard; sourceTree = "<group>"; };
		425A79041FECE6EE00FCDC8F /* Assets.xcassets */ = {isa = PBXFileReference; lastKnownFileType = folder.assetcatalog; path = Assets.xcassets; sourceTree = "<group>"; };
		425A79071FECE6EE00FCDC8F /* Base */ = {isa = PBXFileReference; lastKnownFileType = file.storyboard; name = Base; path = Base.lproj/LaunchScreen.storyboard; sourceTree = "<group>"; };
		425A79091FECE6EF00FCDC8F /* Info.plist */ = {isa = PBXFileReference; lastKnownFileType = text.plist.xml; path = Info.plist; sourceTree = "<group>"; };
		425A790A1FECE6EF00FCDC8F /* main.m */ = {isa = PBXFileReference; lastKnownFileType = sourcecode.c.objc; path = main.m; sourceTree = "<group>"; };
/* End PBXFileReference section */

/* Begin PBXFrameworksBuildPhase section */
		425A78F51FECE6EB00FCDC8F /* Frameworks */ = {
			isa = PBXFrameworksBuildPhase;
			buildActionMask = 2147483647;
			files = (
			);
			runOnlyForDeploymentPostprocessing = 0;
		};
/* End PBXFrameworksBuildPhase section */

/* Begin PBXGroup section */
		425A78EF1FECE6EA00FCDC8F = {
			isa = PBXGroup;
			children = (
				425A78FA1FECE6EB00FCDC8F /* TRSegmentedControl */,
				425A78F91FECE6EB00FCDC8F /* Products */,
			);
			sourceTree = "<group>";
		};
		425A78F91FECE6EB00FCDC8F /* Products */ = {
			isa = PBXGroup;
			children = (
				425A78F81FECE6EB00FCDC8F /* TRSegmentedControl.app */,
			);
			name = Products;
			sourceTree = "<group>";
		};
		425A78FA1FECE6EB00FCDC8F /* TRSegmentedControl */ = {
			isa = PBXGroup;
			children = (
				425A78FB1FECE6EB00FCDC8F /* AppDelegate.h */,
				425A78FC1FECE6EB00FCDC8F /* AppDelegate.m */,
				425A78FE1FECE6EB00FCDC8F /* ViewController.h */,
				425A78FF1FECE6EC00FCDC8F /* ViewController.m */,
				425A79011FECE6ED00FCDC8F /* Main.storyboard */,
				425A79041FECE6EE00FCDC8F /* Assets.xcassets */,
				425A79061FECE6EE00FCDC8F /* LaunchScreen.storyboard */,
				425A79091FECE6EF00FCDC8F /* Info.plist */,
				425A790A1FECE6EF00FCDC8F /* main.m */,
			);
			path = TRSegmentedControl;
			sourceTree = "<group>";
		};
/* End PBXGroup section */

/* Begin PBXNativeTarget section */
		425A78F71FECE6EB00FCDC8F /* TRSegmentedControl */ = {
			isa = PBXNativeTarget;
			buildConfigurationList = 425A790E1FECE6EF00FCDC8F /* Build configuration list for PBXNativeTarget "TRSegmentedControl" */;
			buildPhases = (
				425A78F41FECE6EB00FCDC8F /* Sources */,
				425A78F51FECE6EB00FCDC8F /* Frameworks */,
				425A78F61FECE6EB00FCDC8F /* Resources */,
			);
			buildRules = (
			);
			dependencies = (
			);
			name = TRSegmentedControl;
			productName = TRSegmentedControl;
			productReference = 425A78F81FECE6EB00FCDC8F /* TRSegmentedControl.app */;
			productType = "com.apple.product-type.application";
		};
/* End PBXNativeTarget section */

/* Begin PBXProject section */
		425A78F01FECE6EA00FCDC8F /* Project object */ = {
			isa = PBXProject;
			attributes = {
				LastUpgradeCheck = 0920;
				ORGANIZATIONNAME = ZYW;
				TargetAttributes = {
					425A78F71FECE6EB00FCDC8F = {
						CreatedOnToolsVersion = 9.2;
						ProvisioningStyle = Automatic;
					};
				};
			};
			buildConfigurationList = 425A78F31FECE6EA00FCDC8F /* Build configuration list for PBXProject "TRSegmentedControl" */;
			compatibilityVersion = "Xcode 8.0";
			developmentRegion = en;
			hasScannedForEncodings = 0;
			knownRegions = (
				en,
				Base,
			);
			mainGroup = 425A78EF1FECE6EA00FCDC8F;
			productRefGroup = 425A78F91FECE6EB00FCDC8F /* Products */;
			projectDirPath = "";
			projectRoot = "";
			targets = (
				425A78F71FECE6EB00FCDC8F /* TRSegmentedControl */,
			);
		};
/* End PBXProject section */

/* Begin PBXResourcesBuildPhase section */
		425A78F61FECE6EB00FCDC8F /* Resources */ = {
			isa = PBXResourcesBuildPhase;
			buildActionMask = 2147483647;
			files = (
				425A79081FECE6EE00FCDC8F /* LaunchScreen.storyboard in Resources */,
				425A79051FECE6EE00FCDC8F /* Assets.xcassets in Resources */,
				425A79031FECE6ED00FCDC8F /* Main.storyboard in Resources */,
			);
			runOnlyForDeploymentPostprocessing = 0;
		};
/* End PBXResourcesBuildPhase section */

/* Begin PBXSourcesBuildPhase section */
		425A78F41FECE6EB00FCDC8F /* Sources */ = {
			isa = PBXSourcesBuildPhase;
			buildActionMask = 2147483647;
			files = (
				425A79001FECE6EC00FCDC8F /* ViewController.m in Sources */,
				425A790B1FECE6EF00FCDC8F /* main.m in Sources */,
				425A78FD1FECE6EB00FCDC8F /* AppDelegate.m in Sources */,
			);
			runOnlyForDeploymentPostprocessing = 0;
		};
/* End PBXSourcesBuildPhase section */

/* Begin PBXVariantGroup section */
		425A79011FECE6ED00FCDC8F /* Main.storyboard */ = {
			isa = PBXVariantGroup;
			children = (
				425A79021FECE6ED00FCDC8F /* Base */,
			);
			name = Main.storyboard;
			sourceTree = "<group>";
		};
		425A79061FECE6EE00FCDC8F /* LaunchScreen.storyboard */ = {
			isa = PBXVariantGroup;
			children = (
				425A79071FECE6EE00FCDC8F /* Base */,
			);
			name = LaunchScreen.storyboard;
			sourceTree = "<group>";
		};
/* End PBXVariantGroup section */

/* Begin XCBuildConfiguration section */
		425A790C1FECE6EF00FCDC8F /* Debug */ = {
			isa = XCBuildConfiguration;
			buildSettings = {
				ALWAYS_SEARCH_USER_PATHS = NO;
				CLANG_ANALYZER_NONNULL = YES;
				CLANG_ANALYZER_NUMBER_OBJECT_CONVERSION = YES_AGGRESSIVE;
				CLANG_CXX_LANGUAGE_STANDARD = "gnu++14";
				CLANG_CXX_LIBRARY = "libc++";
				CLANG_ENABLE_MODULES = YES;
				CLANG_ENABLE_OBJC_ARC = YES;
				CLANG_WARN_BLOCK_CAPTURE_AUTORELEASING = YES;
				CLANG_WARN_BOOL_CONVERSION = YES;
				CLANG_WARN_COMMA = YES;
				CLANG_WARN_CONSTANT_CONVERSION = YES;
				CLANG_WARN_DIRECT_OBJC_ISA_USAGE = YES_ERROR;
				CLANG_WARN_DOCUMENTATION_COMMENTS = YES;
				CLANG_WARN_EMPTY_BODY = YES;
				CLANG_WARN_ENUM_CONVERSION = YES;
				CLANG_WARN_INFINITE_RECURSION = YES;
				CLANG_WARN_INT_CONVERSION = YES;
				CLANG_WARN_NON_LITERAL_NULL_CONVERSION = YES;
				CLANG_WARN_OBJC_LITERAL_CONVERSION = YES;
				CLANG_WARN_OBJC_ROOT_CLASS = YES_ERROR;
				CLANG_WARN_RANGE_LOOP_ANALYSIS = YES;
				CLANG_WARN_STRICT_PROTOTYPES = YES;
				CLANG_WARN_SUSPICIOUS_MOVE = YES;
				CLANG_WARN_UNGUARDED_AVAILABILITY = YES_AGGRESSIVE;
				CLANG_WARN_UNREACHABLE_CODE = YES;
				CLANG_WARN__DUPLICATE_METHOD_MATCH = YES;
				CODE_SIGN_IDENTITY = "iPhone Developer";
				COPY_PHASE_STRIP = NO;
				DEBUG_INFORMATION_FORMAT = dwarf;
				ENABLE_STRICT_OBJC_MSGSEND = YES;
				ENABLE_TESTABILITY = YES;
				GCC_C_LANGUAGE_STANDARD = gnu11;
				GCC_DYNAMIC_NO_PIC = NO;
				GCC_NO_COMMON_BLOCKS = YES;
				GCC_OPTIMIZATION_LEVEL = 0;
				GCC_PREPROCESSOR_DEFINITIONS = (
					"DEBUG=1",
					"$(inherited)",
				);
				GCC_WARN_64_TO_32_BIT_CONVERSION = YES;
				GCC_WARN_ABOUT_RETURN_TYPE = YES_ERROR;
				GCC_WARN_UNDECLARED_SELECTOR = YES;
				GCC_WARN_UNINITIALIZED_AUTOS = YES_AGGRESSIVE;
				GCC_WARN_UNUSED_FUNCTION = YES;
				GCC_WARN_UNUSED_VARIABLE = YES;
				IPHONEOS_DEPLOYMENT_TARGET = 11.2;
				MTL_ENABLE_DEBUG_INFO = YES;
				ONLY_ACTIVE_ARCH = YES;
				SDKROOT = iphoneos;
			};
			name = Debug;
		};
		425A790D1FECE6EF00FCDC8F /* Release */ = {
			isa = XCBuildConfiguration;
			buildSettings = {
				ALWAYS_SEARCH_USER_PATHS = NO;
				CLANG_ANALYZER_NONNULL = YES;
				CLANG_ANALYZER_NUMBER_OBJECT_CONVERSION = YES_AGGRESSIVE;
				CLANG_CXX_LANGUAGE_STANDARD = "gnu++14";
				CLANG_CXX_LIBRARY = "libc++";
				CLANG_ENABLE_MODULES = YES;
				CLANG_ENABLE_OBJC_ARC = YES;
				CLANG_WARN_BLOCK_CAPTURE_AUTORELEASING = YES;
				CLANG_WARN_BOOL_CONVERSION = YES;
				CLANG_WARN_COMMA = YES;
				CLANG_WARN_CONSTANT_CONVERSION = YES;
				CLANG_WARN_DIRECT_OBJC_ISA_USAGE = YES_ERROR;
				CLANG_WARN_DOCUMENTATION_COMMENTS = YES;
				CLANG_WARN_EMPTY_BODY = YES;
				CLANG_WARN_ENUM_CONVERSION = YES;
				CLANG_WARN_INFINITE_RECURSION = YES;
				CLANG_WARN_INT_CONVERSION = YES;
				CLANG_WARN_NON_LITERAL_NULL_CONVERSION = YES;
				CLANG_WARN_OBJC_LITERAL_CONVERSION = YES;
				CLANG_WARN_OBJC_ROOT_CLASS = YES_ERROR;
				CLANG_WARN_RANGE_LOOP_ANALYSIS = YES;
				CLANG_WARN_STRICT_PROTOTYPES = YES;
				CLANG_WARN_SUSPICIOUS_MOVE = YES;
				CLANG_WARN_UNGUARDED_AVAILABILITY = YES_AGGRESSIVE;
				CLANG_WARN_UNREACHABLE_CODE = YES;
				CLANG_WARN__DUPLICATE_METHOD_MATCH = YES;
				CODE_SIGN_IDENTITY = "iPhone Developer";
				COPY_PHASE_STRIP = NO;
				DEBUG_INFORMATION_FORMAT = "dwarf-with-dsym";
				ENABLE_NS_ASSERTIONS = NO;
				ENABLE_STRICT_OBJC_MSGSEND = YES;
				GCC_C_LANGUAGE_STANDARD = gnu11;
				GCC_NO_COMMON_BLOCKS = YES;
				GCC_WARN_64_TO_32_BIT_CONVERSION = YES;
				GCC_WARN_ABOUT_RETURN_TYPE = YES_ERROR;
				GCC_WARN_UNDECLARED_SELECTOR = YES;
				GCC_WARN_UNINITIALIZED_AUTOS = YES_AGGRESSIVE;
				GCC_WARN_UNUSED_FUNCTION = YES;
				GCC_WARN_UNUSED_VARIABLE = YES;
				IPHONEOS_DEPLOYMENT_TARGET = 11.2;
				MTL_ENABLE_DEBUG_INFO = NO;
				SDKROOT = iphoneos;
				VALIDATE_PRODUCT = YES;
			};
			name = Release;
		};
		425A790F1FECE6EF00FCDC8F /* Debug */ = {
			isa = XCBuildConfiguration;
			buildSettings = {
				ASSETCATALOG_COMPILER_APPICON_NAME = AppIcon;
				CODE_SIGN_STYLE = Automatic;
				DEVELOPMENT_TEAM = F7G5APLTWY;
				INFOPLIST_FILE = TRSegmentedControl/Info.plist;
				LD_RUNPATH_SEARCH_PATHS = "$(inherited) @executable_path/Frameworks";
				PRODUCT_BUNDLE_IDENTIFIER = com.zyw.TRSegmentedControl;
				PRODUCT_NAME = "$(TARGET_NAME)";
				TARGETED_DEVICE_FAMILY = "1,2";
			};
			name = Debug;
		};
		425A79101FECE6EF00FCDC8F /* Release */ = {
			isa = XCBuildConfiguration;
			buildSettings = {
				ASSETCATALOG_COMPILER_APPICON_NAME = AppIcon;
				CODE_SIGN_STYLE = Automatic;
				DEVELOPMENT_TEAM = F7G5APLTWY;
				INFOPLIST_FILE = TRSegmentedControl/Info.plist;
				LD_RUNPATH_SEARCH_PATHS = "$(inherited) @executable_path/Frameworks";
				PRODUCT_BUNDLE_IDENTIFIER = com.zyw.TRSegmentedControl;
				PRODUCT_NAME = "$(TARGET_NAME)";
				TARGETED_DEVICE_FAMILY = "1,2";
			};
			name = Release;
		};
/* End XCBuildConfiguration section */

/* Begin XCConfigurationList section */
		425A78F31FECE6EA00FCDC8F /* Build configuration list for PBXProject "TRSegmentedControl" */ = {
			isa = XCConfigurationList;
			buildConfigurations = (
				425A790C1FECE6EF00FCDC8F /* Debug */,
				425A790D1FECE6EF00FCDC8F /* Release */,
			);
			defaultConfigurationIsVisible = 0;
			defaultConfigurationName = Release;
		};
		425A790E1FECE6EF00FCDC8F /* Build configuration list for PBXNativeTarget "TRSegmentedControl" */ = {
			isa = XCConfigurationList;
			buildConfigurations = (
				425A790F1FECE6EF00FCDC8F /* Debug */,
				425A79101FECE6EF00FCDC8F /* Release */,
			);
			defaultConfigurationIsVisible = 0;
			defaultConfigurationName = Release;
		};
/* End XCConfigurationList section */
	};
	rootObject = 425A78F01FECE6EA00FCDC8F /* Project object */;
}
